
Microsoft Visual Studio Solution File, Format Version 12.00
# Visual Studio Version 17
VisualStudioVersion = 17.0.32112.339
MinimumVisualStudioVersion = 10.0.40219.1
Project("{FAE04EC0-301F-11D3-BF4B-00C04F79EFBC}") = "Triplet", "Triplet.csproj", "{3A78CA34-CA97-4873-B236-5A282B0A5458}"
EndProject
Global
	GlobalSection(SolutionConfigurationPlatforms) = preSolution
		Debug|Any CPU = Debug|Any CPU
		Release|Any CPU = Release|Any CPU
	EndGlobalSection
	GlobalSection(ProjectConfigurationPlatforms) = postSolution
		{3A78CA34-CA97-4873-B236-5A282B0A5458}.Debug|Any CPU.ActiveCfg = Debug|Any CPU
		{3A78CA34-CA97-4873-B236-5A282B0A5458}.Debug|Any CPU.Build.0 = Debug|Any CPU
		{3A78CA34-CA97-4873-B236-5A282B0A5458}.Release|Any CPU.ActiveCfg = Release|Any CPU
		{3A78CA34-CA97-4873-B236-5A282B0A5458}.Release|Any CPU.Build.0 = Release|Any CPU
	EndGlobalSection
	GlobalSection(SolutionProperties) = preSolution
		HideSolutionNode = FALSE
	EndGlobalSection
	GlobalSection(ExtensibilityGlobals) = postSolution
		SolutionGuid = {26E84C1E-8750-403C-A1C2-AA756DAF1DE8}
	EndGlobalSection
EndGlobal
